// !$*UTF8*$!
{
	archiveVersion = 1;
	classes = {
	};
	objectVersion = 55;
	objects = {

/* Begin PBXBuildFile section */
		5F151F87AC0544AD01096B44 /* Pods_Burger_House.framework in Frameworks */ = {isa = PBXBuildFile; fileRef = 3E75CF0D2AAFBBF51AF9182A /* Pods_Burger_House.framework */; };
		9863D9B629D36B89008F0C3F /* MenuItem.swift in Sources */ = {isa = PBXBuildFile; fileRef = 9863D9B429D362C4008F0C3F /* MenuItem.swift */; };
		9863D9B829D3A650008F0C3F /* CartModel.swift in Sources */ = {isa = PBXBuildFile; fileRef = 9863D9B729D3A650008F0C3F /* CartModel.swift */; };
		98A70CDC29CFE52500B13043 /* BurgerHouseApp.swift in Sources */ = {isa = PBXBuildFile; fileRef = 98A70CDB29CFE52500B13043 /* BurgerHouseApp.swift */; };
		98A70CDE29CFE52500B13043 /* MainView.swift in Sources */ = {isa = PBXBuildFile; fileRef = 98A70CDD29CFE52500B13043 /* MainView.swift */; };
		98A70CE029CFE52500B13043 /* Assets.xcassets in Resources */ = {isa = PBXBuildFile; fileRef = 98A70CDF29CFE52500B13043 /* Assets.xcassets */; };
		98A70CE329CFE52500B13043 /* Preview Assets.xcassets in Resources */ = {isa = PBXBuildFile; fileRef = 98A70CE229CFE52500B13043 /* Preview Assets.xcassets */; };
		98A70CEB29CFE89E00B13043 /* RoundTextField.swift in Sources */ = {isa = PBXBuildFile; fileRef = 98A70CEA29CFE89E00B13043 /* RoundTextField.swift */; };
		98A70CEE29D0008300B13043 /* Theme.swift in Sources */ = {isa = PBXBuildFile; fileRef = 98A70CED29D0008300B13043 /* Theme.swift */; };
		98A70CF129D000AF00B13043 /* ColorExtension.swift in Sources */ = {isa = PBXBuildFile; fileRef = 98A70CF029D000AF00B13043 /* ColorExtension.swift */; };
		98A70CF629D0030C00B13043 /* MainTabBar.swift in Sources */ = {isa = PBXBuildFile; fileRef = 98A70CF529D0030C00B13043 /* MainTabBar.swift */; };
		98A70CF929D0036500B13043 /* Home.swift in Sources */ = {isa = PBXBuildFile; fileRef = 98A70CF829D0036500B13043 /* Home.swift */; };
		98A70CFB29D0037400B13043 /* Maps.swift in Sources */ = {isa = PBXBuildFile; fileRef = 98A70CFA29D0037400B13043 /* Maps.swift */; };
		98A70CFD29D0037E00B13043 /* OrdersView.swift in Sources */ = {isa = PBXBuildFile; fileRef = 98A70CFC29D0037E00B13043 /* OrdersView.swift */; };
		98A70CFF29D003A600B13043 /* CartView.swift in Sources */ = {isa = PBXBuildFile; fileRef = 98A70CFE29D003A600B13043 /* CartView.swift */; };
		98A70D0929D00C5C00B13043 /* Poppins-Regular.otf in Resources */ = {isa = PBXBuildFile; fileRef = 98A70D0329D00C5C00B13043 /* Poppins-Regular.otf */; };
		98A70D0A29D00C5C00B13043 /* Poppins-Light.ttf in Resources */ = {isa = PBXBuildFile; fileRef = 98A70D0429D00C5C00B13043 /* Poppins-Light.ttf */; };
		98A70D0B29D00C5C00B13043 /* Poppins-Bold.ttf in Resources */ = {isa = PBXBuildFile; fileRef = 98A70D0529D00C5C00B13043 /* Poppins-Bold.ttf */; };
		98A70D0C29D00C5C00B13043 /* Poppins-SemiBold.ttf in Resources */ = {isa = PBXBuildFile; fileRef = 98A70D0629D00C5C00B13043 /* Poppins-SemiBold.ttf */; };
		98A70D0D29D00C5C00B13043 /* Poppins-Medium.otf in Resources */ = {isa = PBXBuildFile; fileRef = 98A70D0729D00C5C00B13043 /* Poppins-Medium.otf */; };
		98A70D1029D00DC100B13043 /* Constants.swift in Sources */ = {isa = PBXBuildFile; fileRef = 98A70D0F29D00DC100B13043 /* Constants.swift */; };
		98A70D1229D0101200B13043 /* Subtitle.swift in Sources */ = {isa = PBXBuildFile; fileRef = 98A70D1129D0101200B13043 /* Subtitle.swift */; };
		98A70D1429D0104F00B13043 /* Title.swift in Sources */ = {isa = PBXBuildFile; fileRef = 98A70D1329D0104F00B13043 /* Title.swift */; };
		98A70D1729D012A400B13043 /* HomeViewModel.swift in Sources */ = {isa = PBXBuildFile; fileRef = 98A70D1629D012A400B13043 /* HomeViewModel.swift */; };
		98A70D1929D01F1B00B13043 /* SizedBox.swift in Sources */ = {isa = PBXBuildFile; fileRef = 98A70D1829D01F1B00B13043 /* SizedBox.swift */; };
		98A70D1B29D0333A00B13043 /* GridView.swift in Sources */ = {isa = PBXBuildFile; fileRef = 98A70D1A29D0333A00B13043 /* GridView.swift */; };
		98A70D2829D0B20000B13043 /* NavButton.swift in Sources */ = {isa = PBXBuildFile; fileRef = 98A70D2729D0B20000B13043 /* NavButton.swift */; };
		98A70D2B29D0B67A00B13043 /* MenuDetails.swift in Sources */ = {isa = PBXBuildFile; fileRef = 98A70D2A29D0B67A00B13043 /* MenuDetails.swift */; };
		98A70D2D29D0BBFE00B13043 /* CustomeBackButotn.swift in Sources */ = {isa = PBXBuildFile; fileRef = 98A70D2C29D0BBFE00B13043 /* CustomeBackButotn.swift */; };
		98A70D2F29D0C60400B13043 /* NotificationExtension.swift in Sources */ = {isa = PBXBuildFile; fileRef = 98A70D2E29D0C60400B13043 /* NotificationExtension.swift */; };
		98A70D3529D0CD8300B13043 /* CartViewModel.swift in Sources */ = {isa = PBXBuildFile; fileRef = 98A70D3429D0CD8300B13043 /* CartViewModel.swift */; };
		98A70D3729D0D6AF00B13043 /* AppBar.swift in Sources */ = {isa = PBXBuildFile; fileRef = 98A70D3629D0D6AF00B13043 /* AppBar.swift */; };
		98A70D3929D0D6E000B13043 /* CustomStepper.swift in Sources */ = {isa = PBXBuildFile; fileRef = 98A70D3829D0D6E000B13043 /* CustomStepper.swift */; };
		98A70D3C29D0DA0F00B13043 /* MainButton.swift in Sources */ = {isa = PBXBuildFile; fileRef = 98A70D3B29D0DA0F00B13043 /* MainButton.swift */; };
		98A70D3E29D0DC4600B13043 /* HorizontalDivider.swift in Sources */ = {isa = PBXBuildFile; fileRef = 98A70D3D29D0DC4600B13043 /* HorizontalDivider.swift */; };
		98A70D4029D0DE6700B13043 /* ViewExtension.swift in Sources */ = {isa = PBXBuildFile; fileRef = 98A70D3F29D0DE6700B13043 /* ViewExtension.swift */; };
		98A70D4329D0E65600B13043 /* SignInView.swift in Sources */ = {isa = PBXBuildFile; fileRef = 98A70D4229D0E65600B13043 /* SignInView.swift */; };
		98A70D4629D0E8BF00B13043 /* SignInViewModel.swift in Sources */ = {isa = PBXBuildFile; fileRef = 98A70D4529D0E8BF00B13043 /* SignInViewModel.swift */; };
		98A70D4929D0F09100B13043 /* SignUpView.swift in Sources */ = {isa = PBXBuildFile; fileRef = 98A70D4829D0F09100B13043 /* SignUpView.swift */; };
		98A70D4C29D0F18A00B13043 /* SignUpViewModel.swift in Sources */ = {isa = PBXBuildFile; fileRef = 98A70D4B29D0F18A00B13043 /* SignUpViewModel.swift */; };
		98A70D4E29D0F88400B13043 /* ButtonText.swift in Sources */ = {isa = PBXBuildFile; fileRef = 98A70D4D29D0F88400B13043 /* ButtonText.swift */; };
		98E4F12629E386E50081F0E4 /* User.swift in Sources */ = {isa = PBXBuildFile; fileRef = 98E4F12529E386E50081F0E4 /* User.swift */; };
		98E4F12929E3D4E70081F0E4 /* ErrorHandlingProtocol.swift in Sources */ = {isa = PBXBuildFile; fileRef = 98E4F12829E3D4E70081F0E4 /* ErrorHandlingProtocol.swift */; };
		98E4F12C29E53A270081F0E4 /* CheckoutView.swift in Sources */ = {isa = PBXBuildFile; fileRef = 98E4F12B29E53A270081F0E4 /* CheckoutView.swift */; };
		98E4F12E29E541240081F0E4 /* CheckOutMenuItem.swift in Sources */ = {isa = PBXBuildFile; fileRef = 98E4F12D29E541240081F0E4 /* CheckOutMenuItem.swift */; };
		98E4F13129E542110081F0E4 /* CheckOutViewModel.swift in Sources */ = {isa = PBXBuildFile; fileRef = 98E4F13029E542110081F0E4 /* CheckOutViewModel.swift */; };
		98E4F13329E560080081F0E4 /* CheckListItem.swift in Sources */ = {isa = PBXBuildFile; fileRef = 98E4F13229E560080081F0E4 /* CheckListItem.swift */; };
		98E4F13529E560350081F0E4 /* SummaryRowItem.swift in Sources */ = {isa = PBXBuildFile; fileRef = 98E4F13429E560350081F0E4 /* SummaryRowItem.swift */; };
		98E4F13829E5620C0081F0E4 /* PaymentMethod.swift in Sources */ = {isa = PBXBuildFile; fileRef = 98E4F13729E5620C0081F0E4 /* PaymentMethod.swift */; };
		98E4F13A29E68E160081F0E4 /* Card.swift in Sources */ = {isa = PBXBuildFile; fileRef = 98E4F13929E68E160081F0E4 /* Card.swift */; };
		98E4F13C29E696D70081F0E4 /* PaymentCardListItem.swift in Sources */ = {isa = PBXBuildFile; fileRef = 98E4F13B29E696D70081F0E4 /* PaymentCardListItem.swift */; };
		98E4F13F29E6BC560081F0E4 /* OrderConfirmation.swift in Sources */ = {isa = PBXBuildFile; fileRef = 98E4F13E29E6BC560081F0E4 /* OrderConfirmation.swift */; };
		98E4F14129E6D0EB0081F0E4 /* Order.swift in Sources */ = {isa = PBXBuildFile; fileRef = 98E4F14029E6D0EB0081F0E4 /* Order.swift */; };
		98E4F14329E6D1200081F0E4 /* Fee.swift in Sources */ = {isa = PBXBuildFile; fileRef = 98E4F14229E6D1200081F0E4 /* Fee.swift */; };
		98E4F14629E7051E0081F0E4 /* LoginManager.swift in Sources */ = {isa = PBXBuildFile; fileRef = 98E4F14529E7051E0081F0E4 /* LoginManager.swift */; };
		98E4F14929E711010081F0E4 /* OrderViewModel.swift in Sources */ = {isa = PBXBuildFile; fileRef = 98E4F14829E711010081F0E4 /* OrderViewModel.swift */; };
		98E4F15029E738C00081F0E4 /* OrderReciept.swift in Sources */ = {isa = PBXBuildFile; fileRef = 98E4F14F29E738C00081F0E4 /* OrderReciept.swift */; };
/* End PBXBuildFile section */

/* Begin PBXFileReference section */
		3E75CF0D2AAFBBF51AF9182A /* Pods_Burger_House.framework */ = {isa = PBXFileReference; explicitFileType = wrapper.framework; includeInIndex = 0; path = Pods_Burger_House.framework; sourceTree = BUILT_PRODUCTS_DIR; };
		40962C04EDDFEA1050772F74 /* Pods-Burger House.release.xcconfig */ = {isa = PBXFileReference; includeInIndex = 1; lastKnownFileType = text.xcconfig; name = "Pods-Burger House.release.xcconfig"; path = "Target Support Files/Pods-Burger House/Pods-Burger House.release.xcconfig"; sourceTree = "<group>"; };
		6A4B08F0D8A97BB8193CF10B /* Pods-Burger House.debug.xcconfig */ = {isa = PBXFileReference; includeInIndex = 1; lastKnownFileType = text.xcconfig; name = "Pods-Burger House.debug.xcconfig"; path = "Target Support Files/Pods-Burger House/Pods-Burger House.debug.xcconfig"; sourceTree = "<group>"; };
		9863D9B429D362C4008F0C3F /* MenuItem.swift */ = {isa = PBXFileReference; lastKnownFileType = sourcecode.swift; path = MenuItem.swift; sourceTree = "<group>"; };
		9863D9B729D3A650008F0C3F /* CartModel.swift */ = {isa = PBXFileReference; lastKnownFileType = sourcecode.swift; path = CartModel.swift; sourceTree = "<group>"; };
		98A70CD829CFE52500B13043 /* Burger House.app */ = {isa = PBXFileReference; explicitFileType = wrapper.application; includeInIndex = 0; path = "Burger House.app"; sourceTree = BUILT_PRODUCTS_DIR; };
		98A70CDB29CFE52500B13043 /* BurgerHouseApp.swift */ = {isa = PBXFileReference; lastKnownFileType = sourcecode.swift; path = BurgerHouseApp.swift; sourceTree = "<group>"; };
		98A70CDD29CFE52500B13043 /* MainView.swift */ = {isa = PBXFileReference; lastKnownFileType = sourcecode.swift; path = MainView.swift; sourceTree = "<group>"; };
		98A70CDF29CFE52500B13043 /* Assets.xcassets */ = {isa = PBXFileReference; lastKnownFileType = folder.assetcatalog; path = Assets.xcassets; sourceTree = "<group>"; };
		98A70CE229CFE52500B13043 /* Preview Assets.xcassets */ = {isa = PBXFileReference; lastKnownFileType = folder.assetcatalog; path = "Preview Assets.xcassets"; sourceTree = "<group>"; };
		98A70CEA29CFE89E00B13043 /* RoundTextField.swift */ = {isa = PBXFileReference; lastKnownFileType = sourcecode.swift; path = RoundTextField.swift; sourceTree = "<group>"; };
		98A70CED29D0008300B13043 /* Theme.swift */ = {isa = PBXFileReference; lastKnownFileType = sourcecode.swift; path = Theme.swift; sourceTree = "<group>"; };
		98A70CF029D000AF00B13043 /* ColorExtension.swift */ = {isa = PBXFileReference; lastKnownFileType = sourcecode.swift; path = ColorExtension.swift; sourceTree = "<group>"; };
		98A70CF529D0030C00B13043 /* MainTabBar.swift */ = {isa = PBXFileReference; lastKnownFileType = sourcecode.swift; path = MainTabBar.swift; sourceTree = "<group>"; };
		98A70CF829D0036500B13043 /* Home.swift */ = {isa = PBXFileReference; lastKnownFileType = sourcecode.swift; path = Home.swift; sourceTree = "<group>"; };
		98A70CFA29D0037400B13043 /* Maps.swift */ = {isa = PBXFileReference; lastKnownFileType = sourcecode.swift; path = Maps.swift; sourceTree = "<group>"; };
		98A70CFC29D0037E00B13043 /* OrdersView.swift */ = {isa = PBXFileReference; lastKnownFileType = sourcecode.swift; path = OrdersView.swift; sourceTree = "<group>"; };
		98A70CFE29D003A600B13043 /* CartView.swift */ = {isa = PBXFileReference; lastKnownFileType = sourcecode.swift; path = CartView.swift; sourceTree = "<group>"; };
		98A70D0329D00C5C00B13043 /* Poppins-Regular.otf */ = {isa = PBXFileReference; lastKnownFileType = file; path = "Poppins-Regular.otf"; sourceTree = "<group>"; };
		98A70D0429D00C5C00B13043 /* Poppins-Light.ttf */ = {isa = PBXFileReference; lastKnownFileType = file; path = "Poppins-Light.ttf"; sourceTree = "<group>"; };
		98A70D0529D00C5C00B13043 /* Poppins-Bold.ttf */ = {isa = PBXFileReference; lastKnownFileType = file; path = "Poppins-Bold.ttf"; sourceTree = "<group>"; };
		98A70D0629D00C5C00B13043 /* Poppins-SemiBold.ttf */ = {isa = PBXFileReference; lastKnownFileType = file; path = "Poppins-SemiBold.ttf"; sourceTree = "<group>"; };
		98A70D0729D00C5C00B13043 /* Poppins-Medium.otf */ = {isa = PBXFileReference; lastKnownFileType = file; path = "Poppins-Medium.otf"; sourceTree = "<group>"; };
		98A70D0E29D00CC400B13043 /* Burger-House-Info.plist */ = {isa = PBXFileReference; lastKnownFileType = text.plist; path = "Burger-House-Info.plist"; sourceTree = SOURCE_ROOT; };
		98A70D0F29D00DC100B13043 /* Constants.swift */ = {isa = PBXFileReference; lastKnownFileType = sourcecode.swift; path = Constants.swift; sourceTree = "<group>"; };
		98A70D1129D0101200B13043 /* Subtitle.swift */ = {isa = PBXFileReference; lastKnownFileType = sourcecode.swift; path = Subtitle.swift; sourceTree = "<group>"; };
		98A70D1329D0104F00B13043 /* Title.swift */ = {isa = PBXFileReference; lastKnownFileType = sourcecode.swift; path = Title.swift; sourceTree = "<group>"; };
		98A70D1629D012A400B13043 /* HomeViewModel.swift */ = {isa = PBXFileReference; lastKnownFileType = sourcecode.swift; path = HomeViewModel.swift; sourceTree = "<group>"; };
		98A70D1829D01F1B00B13043 /* SizedBox.swift */ = {isa = PBXFileReference; lastKnownFileType = sourcecode.swift; path = SizedBox.swift; sourceTree = "<group>"; };
		98A70D1A29D0333A00B13043 /* GridView.swift */ = {isa = PBXFileReference; lastKnownFileType = sourcecode.swift; path = GridView.swift; sourceTree = "<group>"; };
		98A70D2729D0B20000B13043 /* NavButton.swift */ = {isa = PBXFileReference; lastKnownFileType = sourcecode.swift; path = NavButton.swift; sourceTree = "<group>"; };
		98A70D2A29D0B67A00B13043 /* MenuDetails.swift */ = {isa = PBXFileReference; lastKnownFileType = sourcecode.swift; path = MenuDetails.swift; sourceTree = "<group>"; };
		98A70D2C29D0BBFE00B13043 /* CustomeBackButotn.swift */ = {isa = PBXFileReference; lastKnownFileType = sourcecode.swift; path = CustomeBackButotn.swift; sourceTree = "<group>"; };
		98A70D2E29D0C60400B13043 /* NotificationExtension.swift */ = {isa = PBXFileReference; lastKnownFileType = sourcecode.swift; path = NotificationExtension.swift; sourceTree = "<group>"; };
		98A70D3429D0CD8300B13043 /* CartViewModel.swift */ = {isa = PBXFileReference; lastKnownFileType = sourcecode.swift; path = CartViewModel.swift; sourceTree = "<group>"; };
		98A70D3629D0D6AF00B13043 /* AppBar.swift */ = {isa = PBXFileReference; lastKnownFileType = sourcecode.swift; path = AppBar.swift; sourceTree = "<group>"; };
		98A70D3829D0D6E000B13043 /* CustomStepper.swift */ = {isa = PBXFileReference; lastKnownFileType = sourcecode.swift; path = CustomStepper.swift; sourceTree = "<group>"; };
		98A70D3B29D0DA0F00B13043 /* MainButton.swift */ = {isa = PBXFileReference; lastKnownFileType = sourcecode.swift; path = MainButton.swift; sourceTree = "<group>"; };
		98A70D3D29D0DC4600B13043 /* HorizontalDivider.swift */ = {isa = PBXFileReference; lastKnownFileType = sourcecode.swift; path = HorizontalDivider.swift; sourceTree = "<group>"; };
		98A70D3F29D0DE6700B13043 /* ViewExtension.swift */ = {isa = PBXFileReference; lastKnownFileType = sourcecode.swift; path = ViewExtension.swift; sourceTree = "<group>"; };
		98A70D4229D0E65600B13043 /* SignInView.swift */ = {isa = PBXFileReference; lastKnownFileType = sourcecode.swift; path = SignInView.swift; sourceTree = "<group>"; };
		98A70D4529D0E8BF00B13043 /* SignInViewModel.swift */ = {isa = PBXFileReference; lastKnownFileType = sourcecode.swift; path = SignInViewModel.swift; sourceTree = "<group>"; };
		98A70D4829D0F09100B13043 /* SignUpView.swift */ = {isa = PBXFileReference; lastKnownFileType = sourcecode.swift; path = SignUpView.swift; sourceTree = "<group>"; };
		98A70D4B29D0F18A00B13043 /* SignUpViewModel.swift */ = {isa = PBXFileReference; lastKnownFileType = sourcecode.swift; path = SignUpViewModel.swift; sourceTree = "<group>"; };
		98A70D4D29D0F88400B13043 /* ButtonText.swift */ = {isa = PBXFileReference; lastKnownFileType = sourcecode.swift; path = ButtonText.swift; sourceTree = "<group>"; };
		98E4F12529E386E50081F0E4 /* User.swift */ = {isa = PBXFileReference; lastKnownFileType = sourcecode.swift; path = User.swift; sourceTree = "<group>"; };
		98E4F12829E3D4E70081F0E4 /* ErrorHandlingProtocol.swift */ = {isa = PBXFileReference; lastKnownFileType = sourcecode.swift; path = ErrorHandlingProtocol.swift; sourceTree = "<group>"; };
		98E4F12B29E53A270081F0E4 /* CheckoutView.swift */ = {isa = PBXFileReference; lastKnownFileType = sourcecode.swift; path = CheckoutView.swift; sourceTree = "<group>"; };
		98E4F12D29E541240081F0E4 /* CheckOutMenuItem.swift */ = {isa = PBXFileReference; lastKnownFileType = sourcecode.swift; path = CheckOutMenuItem.swift; sourceTree = "<group>"; };
		98E4F13029E542110081F0E4 /* CheckOutViewModel.swift */ = {isa = PBXFileReference; lastKnownFileType = sourcecode.swift; path = CheckOutViewModel.swift; sourceTree = "<group>"; };
		98E4F13229E560080081F0E4 /* CheckListItem.swift */ = {isa = PBXFileReference; lastKnownFileType = sourcecode.swift; path = CheckListItem.swift; sourceTree = "<group>"; };
		98E4F13429E560350081F0E4 /* SummaryRowItem.swift */ = {isa = PBXFileReference; lastKnownFileType = sourcecode.swift; path = SummaryRowItem.swift; sourceTree = "<group>"; };
		98E4F13729E5620C0081F0E4 /* PaymentMethod.swift */ = {isa = PBXFileReference; lastKnownFileType = sourcecode.swift; path = PaymentMethod.swift; sourceTree = "<group>"; };
		98E4F13929E68E160081F0E4 /* Card.swift */ = {isa = PBXFileReference; lastKnownFileType = sourcecode.swift; path = Card.swift; sourceTree = "<group>"; };
		98E4F13B29E696D70081F0E4 /* PaymentCardListItem.swift */ = {isa = PBXFileReference; lastKnownFileType = sourcecode.swift; path = PaymentCardListItem.swift; sourceTree = "<group>"; };
		98E4F13E29E6BC560081F0E4 /* OrderConfirmation.swift */ = {isa = PBXFileReference; lastKnownFileType = sourcecode.swift; path = OrderConfirmation.swift; sourceTree = "<group>"; };
		98E4F14029E6D0EB0081F0E4 /* Order.swift */ = {isa = PBXFileReference; lastKnownFileType = sourcecode.swift; path = Order.swift; sourceTree = "<group>"; };
		98E4F14229E6D1200081F0E4 /* Fee.swift */ = {isa = PBXFileReference; lastKnownFileType = sourcecode.swift; path = Fee.swift; sourceTree = "<group>"; };
		98E4F14529E7051E0081F0E4 /* LoginManager.swift */ = {isa = PBXFileReference; lastKnownFileType = sourcecode.swift; path = LoginManager.swift; sourceTree = "<group>"; };
		98E4F14829E711010081F0E4 /* OrderViewModel.swift */ = {isa = PBXFileReference; lastKnownFileType = sourcecode.swift; path = OrderViewModel.swift; sourceTree = "<group>"; };
		98E4F14F29E738C00081F0E4 /* OrderReciept.swift */ = {isa = PBXFileReference; lastKnownFileType = sourcecode.swift; path = OrderReciept.swift; sourceTree = "<group>"; };
/* End PBXFileReference section */

/* Begin PBXFrameworksBuildPhase section */
		98A70CD529CFE52400B13043 /* Frameworks */ = {
			isa = PBXFrameworksBuildPhase;
			buildActionMask = 2147483647;
			files = (
				5F151F87AC0544AD01096B44 /* Pods_Burger_House.framework in Frameworks */,
			);
			runOnlyForDeploymentPostprocessing = 0;
		};
/* End PBXFrameworksBuildPhase section */

/* Begin PBXGroup section */
		86CE34BB99141F07C3B0EA61 /* Pods */ = {
			isa = PBXGroup;
			children = (
				6A4B08F0D8A97BB8193CF10B /* Pods-Burger House.debug.xcconfig */,
				40962C04EDDFEA1050772F74 /* Pods-Burger House.release.xcconfig */,
			);
			path = Pods;
			sourceTree = "<group>";
		};
		9863D9B329D362B8008F0C3F /* Models */ = {
			isa = PBXGroup;
			children = (
				9863D9B429D362C4008F0C3F /* MenuItem.swift */,
				9863D9B729D3A650008F0C3F /* CartModel.swift */,
				98E4F12529E386E50081F0E4 /* User.swift */,
				98E4F13929E68E160081F0E4 /* Card.swift */,
				98E4F14029E6D0EB0081F0E4 /* Order.swift */,
				98E4F14229E6D1200081F0E4 /* Fee.swift */,
				98E4F14529E7051E0081F0E4 /* LoginManager.swift */,
			);
			path = Models;
			sourceTree = "<group>";
		};
		98A70CCF29CFE52400B13043 = {
			isa = PBXGroup;
			children = (
				98A70CDA29CFE52500B13043 /* Burger House */,
				98A70CD929CFE52500B13043 /* Products */,
				86CE34BB99141F07C3B0EA61 /* Pods */,
				C7F35121C3E6BC019EEAB4E5 /* Frameworks */,
			);
			sourceTree = "<group>";
		};
		98A70CD929CFE52500B13043 /* Products */ = {
			isa = PBXGroup;
			children = (
				98A70CD829CFE52500B13043 /* Burger House.app */,
			);
			name = Products;
			sourceTree = "<group>";
		};
		98A70CDA29CFE52500B13043 /* Burger House */ = {
			isa = PBXGroup;
			children = (
				98E4F12729E3D4CC0081F0E4 /* Protocols */,
				98A70D0E29D00CC400B13043 /* Burger-House-Info.plist */,
				9863D9B329D362B8008F0C3F /* Models */,
				98A70D0029D00C2100B13043 /* Assets */,
				98A70CF229D0025B00B13043 /* UI */,
				98A70CEF29D0009E00B13043 /* Extensions */,
				98A70CEC29D0006500B13043 /* Theme */,
				98A70CDB29CFE52500B13043 /* BurgerHouseApp.swift */,
				98A70D0F29D00DC100B13043 /* Constants.swift */,
				98A70CDF29CFE52500B13043 /* Assets.xcassets */,
				98A70CE129CFE52500B13043 /* Preview Content */,
			);
			path = "Burger House";
			sourceTree = "<group>";
		};
		98A70CE129CFE52500B13043 /* Preview Content */ = {
			isa = PBXGroup;
			children = (
				98A70CE229CFE52500B13043 /* Preview Assets.xcassets */,
			);
			path = "Preview Content";
			sourceTree = "<group>";
		};
		98A70CE929CFE88C00B13043 /* Subviews */ = {
			isa = PBXGroup;
			children = (
				98A70CEA29CFE89E00B13043 /* RoundTextField.swift */,
				98A70CF529D0030C00B13043 /* MainTabBar.swift */,
				98A70D1129D0101200B13043 /* Subtitle.swift */,
				98A70D1329D0104F00B13043 /* Title.swift */,
				98A70D1829D01F1B00B13043 /* SizedBox.swift */,
				98A70D1A29D0333A00B13043 /* GridView.swift */,
				98A70D2729D0B20000B13043 /* NavButton.swift */,
				98A70D2C29D0BBFE00B13043 /* CustomeBackButotn.swift */,
				98A70D3629D0D6AF00B13043 /* AppBar.swift */,
				98A70D3829D0D6E000B13043 /* CustomStepper.swift */,
				98A70D3B29D0DA0F00B13043 /* MainButton.swift */,
				98A70D3D29D0DC4600B13043 /* HorizontalDivider.swift */,
				98A70D4D29D0F88400B13043 /* ButtonText.swift */,
				98E4F12D29E541240081F0E4 /* CheckOutMenuItem.swift */,
				98E4F13229E560080081F0E4 /* CheckListItem.swift */,
				98E4F13429E560350081F0E4 /* SummaryRowItem.swift */,
				98E4F13B29E696D70081F0E4 /* PaymentCardListItem.swift */,
			);
			path = Subviews;
			sourceTree = "<group>";
		};
		98A70CEC29D0006500B13043 /* Theme */ = {
			isa = PBXGroup;
			children = (
				98A70CED29D0008300B13043 /* Theme.swift */,
			);
			path = Theme;
			sourceTree = "<group>";
		};
		98A70CEF29D0009E00B13043 /* Extensions */ = {
			isa = PBXGroup;
			children = (
				98A70CF029D000AF00B13043 /* ColorExtension.swift */,
				98A70D2E29D0C60400B13043 /* NotificationExtension.swift */,
				98A70D3F29D0DE6700B13043 /* ViewExtension.swift */,
			);
			path = Extensions;
			sourceTree = "<group>";
		};
		98A70CF229D0025B00B13043 /* UI */ = {
			isa = PBXGroup;
			children = (
				98A70CF329D0026E00B13043 /* Views */,
				98A70CE929CFE88C00B13043 /* Subviews */,
			);
			path = UI;
			sourceTree = "<group>";
		};
		98A70CF329D0026E00B13043 /* Views */ = {
			isa = PBXGroup;
			children = (
				98E4F14E29E738260081F0E4 /* OrderReceipt */,
				98E4F13D29E6BC3C0081F0E4 /* OrderConfirmation */,
				98E4F13629E561A80081F0E4 /* PaymmentMethod */,
				98E4F12A29E539FF0081F0E4 /* Checkout */,
				98A70D4729D0F08500B13043 /* SignUp */,
				98A70D4129D0E64500B13043 /* SignIn */,
				98A70D2929D0B65A00B13043 /* MenuDetails */,
				98A70CF729D0032B00B13043 /* Main */,
			);
			path = Views;
			sourceTree = "<group>";
		};
		98A70CF729D0032B00B13043 /* Main */ = {
			isa = PBXGroup;
			children = (
				98A70D3A29D0D90800B13043 /* Orders */,
				98A70D3029D0CC4500B13043 /* Cart */,
				98A70D1E29D0818100B13043 /* Map */,
				98A70D1D29D0817000B13043 /* Home */,
				98A70CDD29CFE52500B13043 /* MainView.swift */,
			);
			path = Main;
			sourceTree = "<group>";
		};
		98A70D0029D00C2100B13043 /* Assets */ = {
			isa = PBXGroup;
			children = (
				98A70D0129D00C2900B13043 /* Fonts */,
			);
			path = Assets;
			sourceTree = "<group>";
		};
		98A70D0129D00C2900B13043 /* Fonts */ = {
			isa = PBXGroup;
			children = (
				98A70D0529D00C5C00B13043 /* Poppins-Bold.ttf */,
				98A70D0429D00C5C00B13043 /* Poppins-Light.ttf */,
				98A70D0729D00C5C00B13043 /* Poppins-Medium.otf */,
				98A70D0329D00C5C00B13043 /* Poppins-Regular.otf */,
				98A70D0629D00C5C00B13043 /* Poppins-SemiBold.ttf */,
			);
			path = Fonts;
			sourceTree = "<group>";
		};
		98A70D1529D0128800B13043 /* ViewModel */ = {
			isa = PBXGroup;
			children = (
				98A70D1629D012A400B13043 /* HomeViewModel.swift */,
			);
			path = ViewModel;
			sourceTree = "<group>";
		};
		98A70D1D29D0817000B13043 /* Home */ = {
			isa = PBXGroup;
			children = (
				98A70D1529D0128800B13043 /* ViewModel */,
				98A70CF829D0036500B13043 /* Home.swift */,
			);
			path = Home;
			sourceTree = "<group>";
		};
		98A70D1E29D0818100B13043 /* Map */ = {
			isa = PBXGroup;
			children = (
				98A70CFA29D0037400B13043 /* Maps.swift */,
			);
			path = Map;
			sourceTree = "<group>";
		};
		98A70D2929D0B65A00B13043 /* MenuDetails */ = {
			isa = PBXGroup;
			children = (
				98A70D2A29D0B67A00B13043 /* MenuDetails.swift */,
			);
			path = MenuDetails;
			sourceTree = "<group>";
		};
		98A70D3029D0CC4500B13043 /* Cart */ = {
			isa = PBXGroup;
			children = (
				98A70D3329D0CD7400B13043 /* ViewModel */,
				98A70CFE29D003A600B13043 /* CartView.swift */,
			);
			path = Cart;
			sourceTree = "<group>";
		};
		98A70D3329D0CD7400B13043 /* ViewModel */ = {
			isa = PBXGroup;
			children = (
				98A70D3429D0CD8300B13043 /* CartViewModel.swift */,
			);
			path = ViewModel;
			sourceTree = "<group>";
		};
		98A70D3A29D0D90800B13043 /* Orders */ = {
			isa = PBXGroup;
			children = (
				98E4F14729E710E30081F0E4 /* ViewModels */,
				98A70CFC29D0037E00B13043 /* OrdersView.swift */,
			);
			path = Orders;
			sourceTree = "<group>";
		};
		98A70D4129D0E64500B13043 /* SignIn */ = {
			isa = PBXGroup;
			children = (
				98A70D4429D0E8A000B13043 /* ViewModel */,
				98A70D4229D0E65600B13043 /* SignInView.swift */,
			);
			path = SignIn;
			sourceTree = "<group>";
		};
		98A70D4429D0E8A000B13043 /* ViewModel */ = {
			isa = PBXGroup;
			children = (
				98A70D4529D0E8BF00B13043 /* SignInViewModel.swift */,
			);
			path = ViewModel;
			sourceTree = "<group>";
		};
		98A70D4729D0F08500B13043 /* SignUp */ = {
			isa = PBXGroup;
			children = (
				98A70D4A29D0F17B00B13043 /* ViewModel */,
				98A70D4829D0F09100B13043 /* SignUpView.swift */,
			);
			path = SignUp;
			sourceTree = "<group>";
		};
		98A70D4A29D0F17B00B13043 /* ViewModel */ = {
			isa = PBXGroup;
			children = (
				98A70D4B29D0F18A00B13043 /* SignUpViewModel.swift */,
			);
			path = ViewModel;
			sourceTree = "<group>";
		};
		98E4F12729E3D4CC0081F0E4 /* Protocols */ = {
			isa = PBXGroup;
			children = (
				98E4F12829E3D4E70081F0E4 /* ErrorHandlingProtocol.swift */,
			);
			path = Protocols;
			sourceTree = "<group>";
		};
		98E4F12A29E539FF0081F0E4 /* Checkout */ = {
			isa = PBXGroup;
			children = (
				98E4F12F29E541FD0081F0E4 /* ViewModel */,
				98E4F12B29E53A270081F0E4 /* CheckoutView.swift */,
			);
			path = Checkout;
			sourceTree = "<group>";
		};
		98E4F12F29E541FD0081F0E4 /* ViewModel */ = {
			isa = PBXGroup;
			children = (
				98E4F13029E542110081F0E4 /* CheckOutViewModel.swift */,
			);
			path = ViewModel;
			sourceTree = "<group>";
		};
		98E4F13629E561A80081F0E4 /* PaymmentMethod */ = {
			isa = PBXGroup;
			children = (
				98E4F13729E5620C0081F0E4 /* PaymentMethod.swift */,
			);
			path = PaymmentMethod;
			sourceTree = "<group>";
		};
		98E4F13D29E6BC3C0081F0E4 /* OrderConfirmation */ = {
			isa = PBXGroup;
			children = (
				98E4F13E29E6BC560081F0E4 /* OrderConfirmation.swift */,
			);
			path = OrderConfirmation;
			sourceTree = "<group>";
		};
		98E4F14729E710E30081F0E4 /* ViewModels */ = {
			isa = PBXGroup;
			children = (
				98E4F14829E711010081F0E4 /* OrderViewModel.swift */,
			);
			path = ViewModels;
			sourceTree = "<group>";
		};
		98E4F14E29E738260081F0E4 /* OrderReceipt */ = {
			isa = PBXGroup;
			children = (
				98E4F14F29E738C00081F0E4 /* OrderReciept.swift */,
			);
			path = OrderReceipt;
			sourceTree = "<group>";
		};
		C7F35121C3E6BC019EEAB4E5 /* Frameworks */ = {
			isa = PBXGroup;
			children = (
				3E75CF0D2AAFBBF51AF9182A /* Pods_Burger_House.framework */,
			);
			name = Frameworks;
			sourceTree = "<group>";
		};
/* End PBXGroup section */

/* Begin PBXNativeTarget section */
		98A70CD729CFE52400B13043 /* Burger House */ = {
			isa = PBXNativeTarget;
			buildConfigurationList = 98A70CE629CFE52500B13043 /* Build configuration list for PBXNativeTarget "Burger House" */;
			buildPhases = (
				755805FD6D83A70EB8146BFB /* [CP] Check Pods Manifest.lock */,
				98A70CD429CFE52400B13043 /* Sources */,
				98A70CD529CFE52400B13043 /* Frameworks */,
				98A70CD629CFE52400B13043 /* Resources */,
				91151FAA5595C396CBB8B26B /* [CP] Embed Pods Frameworks */,
			);
			buildRules = (
			);
			dependencies = (
			);
			name = "Burger House";
			productName = "Burger House";
			productReference = 98A70CD829CFE52500B13043 /* Burger House.app */;
			productType = "com.apple.product-type.application";
		};
/* End PBXNativeTarget section */

/* Begin PBXProject section */
		98A70CD029CFE52400B13043 /* Project object */ = {
			isa = PBXProject;
			attributes = {
				BuildIndependentTargetsInParallel = 1;
				LastSwiftUpdateCheck = 1400;
				LastUpgradeCheck = 1400;
				TargetAttributes = {
					98A70CD729CFE52400B13043 = {
						CreatedOnToolsVersion = 14.0;
					};
				};
			};
			buildConfigurationList = 98A70CD329CFE52400B13043 /* Build configuration list for PBXProject "Burger House" */;
			compatibilityVersion = "Xcode 13.0";
			developmentRegion = en;
			hasScannedForEncodings = 0;
			knownRegions = (
				en,
				Base,
			);
			mainGroup = 98A70CCF29CFE52400B13043;
			productRefGroup = 98A70CD929CFE52500B13043 /* Products */;
			projectDirPath = "";
			projectRoot = "";
			targets = (
				98A70CD729CFE52400B13043 /* Burger House */,
			);
		};
/* End PBXProject section */

/* Begin PBXResourcesBuildPhase section */
		98A70CD629CFE52400B13043 /* Resources */ = {
			isa = PBXResourcesBuildPhase;
			buildActionMask = 2147483647;
			files = (
				98A70D0D29D00C5C00B13043 /* Poppins-Medium.otf in Resources */,
				98A70CE329CFE52500B13043 /* Preview Assets.xcassets in Resources */,
				98A70D0C29D00C5C00B13043 /* Poppins-SemiBold.ttf in Resources */,
				98A70D0B29D00C5C00B13043 /* Poppins-Bold.ttf in Resources */,
				98A70D0A29D00C5C00B13043 /* Poppins-Light.ttf in Resources */,
				98A70D0929D00C5C00B13043 /* Poppins-Regular.otf in Resources */,
				98A70CE029CFE52500B13043 /* Assets.xcassets in Resources */,
			);
			runOnlyForDeploymentPostprocessing = 0;
		};
/* End PBXResourcesBuildPhase section */

/* Begin PBXShellScriptBuildPhase section */
		755805FD6D83A70EB8146BFB /* [CP] Check Pods Manifest.lock */ = {
			isa = PBXShellScriptBuildPhase;
			buildActionMask = 2147483647;
			files = (
			);
			inputFileListPaths = (
			);
			inputPaths = (
				"${PODS_PODFILE_DIR_PATH}/Podfile.lock",
				"${PODS_ROOT}/Manifest.lock",
			);
			name = "[CP] Check Pods Manifest.lock";
			outputFileListPaths = (
			);
			outputPaths = (
				"$(DERIVED_FILE_DIR)/Pods-Burger House-checkManifestLockResult.txt",
			);
			runOnlyForDeploymentPostprocessing = 0;
			shellPath = /bin/sh;
			shellScript = "diff \"${PODS_PODFILE_DIR_PATH}/Podfile.lock\" \"${PODS_ROOT}/Manifest.lock\" > /dev/null\nif [ $? != 0 ] ; then\n    # print error to STDERR\n    echo \"error: The sandbox is not in sync with the Podfile.lock. Run 'pod install' or update your CocoaPods installation.\" >&2\n    exit 1\nfi\n# This output is used by Xcode 'outputs' to avoid re-running this script phase.\necho \"SUCCESS\" > \"${SCRIPT_OUTPUT_FILE_0}\"\n";
			showEnvVarsInLog = 0;
		};
		91151FAA5595C396CBB8B26B /* [CP] Embed Pods Frameworks */ = {
			isa = PBXShellScriptBuildPhase;
			buildActionMask = 2147483647;
			files = (
			);
			inputFileListPaths = (
				"${PODS_ROOT}/Target Support Files/Pods-Burger House/Pods-Burger House-frameworks-${CONFIGURATION}-input-files.xcfilelist",
			);
			name = "[CP] Embed Pods Frameworks";
			outputFileListPaths = (
				"${PODS_ROOT}/Target Support Files/Pods-Burger House/Pods-Burger House-frameworks-${CONFIGURATION}-output-files.xcfilelist",
			);
			runOnlyForDeploymentPostprocessing = 0;
			shellPath = /bin/sh;
			shellScript = "\"${PODS_ROOT}/Target Support Files/Pods-Burger House/Pods-Burger House-frameworks.sh\"\n";
			showEnvVarsInLog = 0;
		};
/* End PBXShellScriptBuildPhase section */

/* Begin PBXSourcesBuildPhase section */
		98A70CD429CFE52400B13043 /* Sources */ = {
			isa = PBXSourcesBuildPhase;
			buildActionMask = 2147483647;
			files = (
				98A70D4029D0DE6700B13043 /* ViewExtension.swift in Sources */,
				98A70D3E29D0DC4600B13043 /* HorizontalDivider.swift in Sources */,
				98E4F14329E6D1200081F0E4 /* Fee.swift in Sources */,
				98E4F14629E7051E0081F0E4 /* LoginManager.swift in Sources */,
				98A70CF629D0030C00B13043 /* MainTabBar.swift in Sources */,
				98A70D3729D0D6AF00B13043 /* AppBar.swift in Sources */,
				98A70D1029D00DC100B13043 /* Constants.swift in Sources */,
				98A70CDE29CFE52500B13043 /* MainView.swift in Sources */,
				98E4F12E29E541240081F0E4 /* CheckOutMenuItem.swift in Sources */,
				98A70CFB29D0037400B13043 /* Maps.swift in Sources */,
				98A70D3929D0D6E000B13043 /* CustomStepper.swift in Sources */,
				98A70D4629D0E8BF00B13043 /* SignInViewModel.swift in Sources */,
				98A70CEE29D0008300B13043 /* Theme.swift in Sources */,
				98A70D2B29D0B67A00B13043 /* MenuDetails.swift in Sources */,
				98E4F14129E6D0EB0081F0E4 /* Order.swift in Sources */,
				98A70CEB29CFE89E00B13043 /* RoundTextField.swift in Sources */,
				98E4F12929E3D4E70081F0E4 /* ErrorHandlingProtocol.swift in Sources */,
				98A70D1929D01F1B00B13043 /* SizedBox.swift in Sources */,
				98E4F13F29E6BC560081F0E4 /* OrderConfirmation.swift in Sources */,
				98A70CDC29CFE52500B13043 /* BurgerHouseApp.swift in Sources */,
				98A70D3529D0CD8300B13043 /* CartViewModel.swift in Sources */,
				98A70D2D29D0BBFE00B13043 /* CustomeBackButotn.swift in Sources */,
				98A70D2F29D0C60400B13043 /* NotificationExtension.swift in Sources */,
				98A70D1429D0104F00B13043 /* Title.swift in Sources */,
				98E4F13529E560350081F0E4 /* SummaryRowItem.swift in Sources */,
				98E4F13829E5620C0081F0E4 /* PaymentMethod.swift in Sources */,
				98A70CFD29D0037E00B13043 /* OrdersView.swift in Sources */,
				98A70D1B29D0333A00B13043 /* GridView.swift in Sources */,
				98A70D4329D0E65600B13043 /* SignInView.swift in Sources */,
				98A70D1729D012A400B13043 /* HomeViewModel.swift in Sources */,
				98A70D4C29D0F18A00B13043 /* SignUpViewModel.swift in Sources */,
				9863D9B829D3A650008F0C3F /* CartModel.swift in Sources */,
				98E4F12629E386E50081F0E4 /* User.swift in Sources */,
				98E4F13329E560080081F0E4 /* CheckListItem.swift in Sources */,
				98A70D2829D0B20000B13043 /* NavButton.swift in Sources */,
				98A70CFF29D003A600B13043 /* CartView.swift in Sources */,
				98A70D3C29D0DA0F00B13043 /* MainButton.swift in Sources */,
				98E4F13129E542110081F0E4 /* CheckOutViewModel.swift in Sources */,
				98E4F13C29E696D70081F0E4 /* PaymentCardListItem.swift in Sources */,
				98E4F14929E711010081F0E4 /* OrderViewModel.swift in Sources */,
				9863D9B629D36B89008F0C3F /* MenuItem.swift in Sources */,
				98A70D4E29D0F88400B13043 /* ButtonText.swift in Sources */,
				98E4F12C29E53A270081F0E4 /* CheckoutView.swift in Sources */,
				98E4F13A29E68E160081F0E4 /* Card.swift in Sources */,
				98A70D1229D0101200B13043 /* Subtitle.swift in Sources */,
				98A70D4929D0F09100B13043 /* SignUpView.swift in Sources */,
				98E4F15029E738C00081F0E4 /* OrderReciept.swift in Sources */,
				98A70CF129D000AF00B13043 /* ColorExtension.swift in Sources */,
				98A70CF929D0036500B13043 /* Home.swift in Sources */,
			);
			runOnlyForDeploymentPostprocessing = 0;
		};
/* End PBXSourcesBuildPhase section */

/* Begin XCBuildConfiguration section */
		98A70CE429CFE52500B13043 /* Debug */ = {
			isa = XCBuildConfiguration;
			buildSettings = {
				ALWAYS_SEARCH_USER_PATHS = NO;
				CLANG_ANALYZER_NONNULL = YES;
				CLANG_ANALYZER_NUMBER_OBJECT_CONVERSION = YES_AGGRESSIVE;
				CLANG_CXX_LANGUAGE_STANDARD = "gnu++20";
				CLANG_ENABLE_MODULES = YES;
				CLANG_ENABLE_OBJC_ARC = YES;
				CLANG_ENABLE_OBJC_WEAK = YES;
				CLANG_WARN_BLOCK_CAPTURE_AUTORELEASING = YES;
				CLANG_WARN_BOOL_CONVERSION = YES;
				CLANG_WARN_COMMA = YES;
				CLANG_WARN_CONSTANT_CONVERSION = YES;
				CLANG_WARN_DEPRECATED_OBJC_IMPLEMENTATIONS = YES;
				CLANG_WARN_DIRECT_OBJC_ISA_USAGE = YES_ERROR;
				CLANG_WARN_DOCUMENTATION_COMMENTS = YES;
				CLANG_WARN_EMPTY_BODY = YES;
				CLANG_WARN_ENUM_CONVERSION = YES;
				CLANG_WARN_INFINITE_RECURSION = YES;
				CLANG_WARN_INT_CONVERSION = YES;
				CLANG_WARN_NON_LITERAL_NULL_CONVERSION = YES;
				CLANG_WARN_OBJC_IMPLICIT_RETAIN_SELF = YES;
				CLANG_WARN_OBJC_LITERAL_CONVERSION = YES;
				CLANG_WARN_OBJC_ROOT_CLASS = YES_ERROR;
				CLANG_WARN_QUOTED_INCLUDE_IN_FRAMEWORK_HEADER = YES;
				CLANG_WARN_RANGE_LOOP_ANALYSIS = YES;
				CLANG_WARN_STRICT_PROTOTYPES = YES;
				CLANG_WARN_SUSPICIOUS_MOVE = YES;
				CLANG_WARN_UNGUARDED_AVAILABILITY = YES_AGGRESSIVE;
				CLANG_WARN_UNREACHABLE_CODE = YES;
				CLANG_WARN__DUPLICATE_METHOD_MATCH = YES;
				COPY_PHASE_STRIP = NO;
				DEBUG_INFORMATION_FORMAT = dwarf;
				ENABLE_STRICT_OBJC_MSGSEND = YES;
				ENABLE_TESTABILITY = YES;
				GCC_C_LANGUAGE_STANDARD = gnu11;
				GCC_DYNAMIC_NO_PIC = NO;
				GCC_NO_COMMON_BLOCKS = YES;
				GCC_OPTIMIZATION_LEVEL = 0;
				GCC_PREPROCESSOR_DEFINITIONS = (
					"DEBUG=1",
					"$(inherited)",
				);
				GCC_WARN_64_TO_32_BIT_CONVERSION = YES;
				GCC_WARN_ABOUT_RETURN_TYPE = YES_ERROR;
				GCC_WARN_UNDECLARED_SELECTOR = YES;
				GCC_WARN_UNINITIALIZED_AUTOS = YES_AGGRESSIVE;
				GCC_WARN_UNUSED_FUNCTION = YES;
				GCC_WARN_UNUSED_VARIABLE = YES;
				IPHONEOS_DEPLOYMENT_TARGET = 16.0;
				MTL_ENABLE_DEBUG_INFO = INCLUDE_SOURCE;
				MTL_FAST_MATH = YES;
				ONLY_ACTIVE_ARCH = YES;
				SDKROOT = iphoneos;
				SWIFT_ACTIVE_COMPILATION_CONDITIONS = DEBUG;
				SWIFT_OPTIMIZATION_LEVEL = "-Onone";
			};
			name = Debug;
		};
		98A70CE529CFE52500B13043 /* Release */ = {
			isa = XCBuildConfiguration;
			buildSettings = {
				ALWAYS_SEARCH_USER_PATHS = NO;
				CLANG_ANALYZER_NONNULL = YES;
				CLANG_ANALYZER_NUMBER_OBJECT_CONVERSION = YES_AGGRESSIVE;
				CLANG_CXX_LANGUAGE_STANDARD = "gnu++20";
				CLANG_ENABLE_MODULES = YES;
				CLANG_ENABLE_OBJC_ARC = YES;
				CLANG_ENABLE_OBJC_WEAK = YES;
				CLANG_WARN_BLOCK_CAPTURE_AUTORELEASING = YES;
				CLANG_WARN_BOOL_CONVERSION = YES;
				CLANG_WARN_COMMA = YES;
				CLANG_WARN_CONSTANT_CONVERSION = YES;
				CLANG_WARN_DEPRECATED_OBJC_IMPLEMENTATIONS = YES;
				CLANG_WARN_DIRECT_OBJC_ISA_USAGE = YES_ERROR;
				CLANG_WARN_DOCUMENTATION_COMMENTS = YES;
				CLANG_WARN_EMPTY_BODY = YES;
				CLANG_WARN_ENUM_CONVERSION = YES;
				CLANG_WARN_INFINITE_RECURSION = YES;
				CLANG_WARN_INT_CONVERSION = YES;
				CLANG_WARN_NON_LITERAL_NULL_CONVERSION = YES;
				CLANG_WARN_OBJC_IMPLICIT_RETAIN_SELF = YES;
				CLANG_WARN_OBJC_LITERAL_CONVERSION = YES;
				CLANG_WARN_OBJC_ROOT_CLASS = YES_ERROR;
				CLANG_WARN_QUOTED_INCLUDE_IN_FRAMEWORK_HEADER = YES;
				CLANG_WARN_RANGE_LOOP_ANALYSIS = YES;
				CLANG_WARN_STRICT_PROTOTYPES = YES;
				CLANG_WARN_SUSPICIOUS_MOVE = YES;
				CLANG_WARN_UNGUARDED_AVAILABILITY = YES_AGGRESSIVE;
				CLANG_WARN_UNREACHABLE_CODE = YES;
				CLANG_WARN__DUPLICATE_METHOD_MATCH = YES;
				COPY_PHASE_STRIP = NO;
				DEBUG_INFORMATION_FORMAT = "dwarf-with-dsym";
				ENABLE_NS_ASSERTIONS = NO;
				ENABLE_STRICT_OBJC_MSGSEND = YES;
				GCC_C_LANGUAGE_STANDARD = gnu11;
				GCC_NO_COMMON_BLOCKS = YES;
				GCC_WARN_64_TO_32_BIT_CONVERSION = YES;
				GCC_WARN_ABOUT_RETURN_TYPE = YES_ERROR;
				GCC_WARN_UNDECLARED_SELECTOR = YES;
				GCC_WARN_UNINITIALIZED_AUTOS = YES_AGGRESSIVE;
				GCC_WARN_UNUSED_FUNCTION = YES;
				GCC_WARN_UNUSED_VARIABLE = YES;
				IPHONEOS_DEPLOYMENT_TARGET = 16.0;
				MTL_ENABLE_DEBUG_INFO = NO;
				MTL_FAST_MATH = YES;
				SDKROOT = iphoneos;
				SWIFT_COMPILATION_MODE = wholemodule;
				SWIFT_OPTIMIZATION_LEVEL = "-O";
				VALIDATE_PRODUCT = YES;
			};
			name = Release;
		};
		98A70CE729CFE52500B13043 /* Debug */ = {
			isa = XCBuildConfiguration;
			baseConfigurationReference = 6A4B08F0D8A97BB8193CF10B /* Pods-Burger House.debug.xcconfig */;
			buildSettings = {
				ASSETCATALOG_COMPILER_APPICON_NAME = AppIcon;
				ASSETCATALOG_COMPILER_GLOBAL_ACCENT_COLOR_NAME = AccentColor;
				CODE_SIGN_STYLE = Automatic;
				CURRENT_PROJECT_VERSION = 1;
				DEVELOPMENT_ASSET_PATHS = "\"Burger House/Preview Content\"";
				ENABLE_PREVIEWS = YES;
				GENERATE_INFOPLIST_FILE = YES;
				INFOPLIST_FILE = "Burger-House-Info.plist";
				INFOPLIST_KEY_UIApplicationSceneManifest_Generation = YES;
				INFOPLIST_KEY_UIApplicationSupportsIndirectInputEvents = YES;
				INFOPLIST_KEY_UILaunchScreen_Generation = YES;
				INFOPLIST_KEY_UISupportedInterfaceOrientations = UIInterfaceOrientationPortrait;
				LD_RUNPATH_SEARCH_PATHS = (
					"$(inherited)",
					"@executable_path/Frameworks",
				);
				MARKETING_VERSION = 1.0;
				PRODUCT_BUNDLE_IDENTIFIER = "com.burger.house.Burger-House";
				PRODUCT_NAME = "$(TARGET_NAME)";
				SUPPORTED_PLATFORMS = "iphoneos iphonesimulator";
				SUPPORTS_MACCATALYST = NO;
				SUPPORTS_MAC_DESIGNED_FOR_IPHONE_IPAD = YES;
				SWIFT_EMIT_LOC_STRINGS = YES;
				SWIFT_VERSION = 5.0;
				TARGETED_DEVICE_FAMILY = 1;
			};
			name = Debug;
		};
		98A70CE829CFE52500B13043 /* Release */ = {
			isa = XCBuildConfiguration;
			baseConfigurationReference = 40962C04EDDFEA1050772F74 /* Pods-Burger House.release.xcconfig */;
			buildSettings = {
				ASSETCATALOG_COMPILER_APPICON_NAME = AppIcon;
				ASSETCATALOG_COMPILER_GLOBAL_ACCENT_COLOR_NAME = AccentColor;
				CODE_SIGN_STYLE = Automatic;
				CURRENT_PROJECT_VERSION = 1;
				DEVELOPMENT_ASSET_PATHS = "\"Burger House/Preview Content\"";
				ENABLE_PREVIEWS = YES;
				GENERATE_INFOPLIST_FILE = YES;
				INFOPLIST_FILE = "Burger-House-Info.plist";
				INFOPLIST_KEY_UIApplicationSceneManifest_Generation = YES;
				INFOPLIST_KEY_UIApplicationSupportsIndirectInputEvents = YES;
				INFOPLIST_KEY_UILaunchScreen_Generation = YES;
				INFOPLIST_KEY_UISupportedInterfaceOrientations = UIInterfaceOrientationPortrait;
				LD_RUNPATH_SEARCH_PATHS = (
					"$(inherited)",
					"@executable_path/Frameworks",
				);
				MARKETING_VERSION = 1.0;
				PRODUCT_BUNDLE_IDENTIFIER = "com.burger.house.Burger-House";
				PRODUCT_NAME = "$(TARGET_NAME)";
				SUPPORTED_PLATFORMS = "iphoneos iphonesimulator";
				SUPPORTS_MACCATALYST = NO;
				SUPPORTS_MAC_DESIGNED_FOR_IPHONE_IPAD = YES;
				SWIFT_EMIT_LOC_STRINGS = YES;
				SWIFT_VERSION = 5.0;
				TARGETED_DEVICE_FAMILY = 1;
			};
			name = Release;
		};
/* End XCBuildConfiguration section */

/* Begin XCConfigurationList section */
		98A70CD329CFE52400B13043 /* Build configuration list for PBXProject "Burger House" */ = {
			isa = XCConfigurationList;
			buildConfigurations = (
				98A70CE429CFE52500B13043 /* Debug */,
				98A70CE529CFE52500B13043 /* Release */,
			);
			defaultConfigurationIsVisible = 0;
			defaultConfigurationName = Release;
		};
		98A70CE629CFE52500B13043 /* Build configuration list for PBXNativeTarget "Burger House" */ = {
			isa = XCConfigurationList;
			buildConfigurations = (
				98A70CE729CFE52500B13043 /* Debug */,
				98A70CE829CFE52500B13043 /* Release */,
			);
			defaultConfigurationIsVisible = 0;
			defaultConfigurationName = Release;
		};
/* End XCConfigurationList section */
	};
	rootObject = 98A70CD029CFE52400B13043 /* Project object */;
}
